{
  "nodes": {
    "nixCats": {
      "locked": {
        "lastModified": 1765766809,
        "narHash": "sha256-3Xp41+Sb1zIzASa1Uu1k1RMUoJ9CGyYb0GtvvpRPBqg=",
        "owner": "BirdeeHub",
        "repo": "nixCats-nvim",
        "rev": "fe157e3ed69ed14b55ca81f597eac282caed58a2",
        "type": "github"
      },
      "original": {
        "owner": "BirdeeHub",
        "repo": "nixCats-nvim",
        "type": "github"
      }
    },
    "nixpkgs": {
      "locked": {
        "lastModified": 1765772535,
        "narHash": "sha256-aq+dQoaPONOSjtFIBnAXseDm9TUhIbe215TPmkfMYww=",
        "owner": "nixos",
        "repo": "nixpkgs",
        "rev": "09b8fda8959d761445f12b55f380d90375a1d6bb",
        "type": "github"
      },
      "original": {
        "owner": "nixos",
        "ref": "nixpkgs-unstable",
        "repo": "nixpkgs",
        "type": "github"
      }
    },
    "plugins-krust-nvim": {
      "flake": false,
      "locked": {
        "lastModified": 1764874499,
        "narHash": "sha256-aQIniMpOajX1FGV75LAs3CKe7VxoDB+Er1/C9T4t9fI=",
        "owner": "alexpasmantier",
        "repo": "krust.nvim",
        "rev": "899b65851d25d6eb250833709ab5b27c760171dd",
        "type": "github"
      },
      "original": {
        "owner": "alexpasmantier",
        "repo": "krust.nvim",
        "type": "github"
      }
    },
    "plugins-line-number-change-mode": {
      "flake": false,
      "locked": {
        "lastModified": 1729012619,
        "narHash": "sha256-5oesT8HB+N4AWfXt9+l/5nrxlhCoEgfcUKk4Jm2U8Fk=",
        "owner": "sethen",
        "repo": "line-number-change-mode.nvim",
        "rev": "0237ad6bd85c5872df66e2e98d7bba27c906382e",
        "type": "github"
      },
      "original": {
        "owner": "sethen",
        "repo": "line-number-change-mode.nvim",
        "type": "github"
      }
    },
    "plugins-nvim-highlight-colors": {
      "flake": false,
      "locked": {
        "lastModified": 1757168372,
        "narHash": "sha256-BIcOU2Gie90wujQFZ+aD3wYTRegSKw4CBxC95DRwo9I=",
        "owner": "brenoprata10",
        "repo": "nvim-highlight-colors",
        "rev": "e0c4a58ec8c3ca7c92d3ee4eb3bc1dd0f7be317e",
        "type": "github"
      },
      "original": {
        "owner": "brenoprata10",
        "repo": "nvim-highlight-colors",
        "type": "github"
      }
    },
    "plugins-nvim-window": {
      "flake": false,
      "locked": {
        "lastModified": 1648064093,
        "narHash": "sha256-3nP/Dxl20g3Q1ojWTUxTE2NUrPq734HsxnzWhH2zttg=",
        "owner": "yorickpeterse",
        "repo": "nvim-window",
        "rev": "dd0a6b230003ef35524853d71e5413f88fd2ba74",
        "type": "gitlab"
      },
      "original": {
        "owner": "yorickpeterse",
        "repo": "nvim-window",
        "type": "gitlab"
      }
    },
    "root": {
      "inputs": {
        "nixCats": "nixCats",
        "nixpkgs": "nixpkgs",
        "plugins-krust-nvim": "plugins-krust-nvim",
        "plugins-line-number-change-mode": "plugins-line-number-change-mode",
        "plugins-nvim-highlight-colors": "plugins-nvim-highlight-colors",
        "plugins-nvim-window": "plugins-nvim-window"
      }
    }
  },
  "root": "root",
  "version": 7
}
